
Microsoft Visual Studio Solution File, Format Version 12.00
# Visual Studio Version 16
VisualStudioVersion = 16.0.29318.209
MinimumVisualStudioVersion = 10.0.40219.1
Project("{9A19103F-16F7-4668-BE54-9A1E7A4F7556}") = "FirstTraining", "OfflineHomework\FirstTraining.csproj", "{8966B426-DD60-4627-B5D9-D4DAEBE801FB}"
EndProject
Project("{9A19103F-16F7-4668-BE54-9A1E7A4F7556}") = "HomeworkOutput", "HomeworkOutput\HomeworkOutput.csproj", "{FA1B4060-F5CC-49BF-B5DD-DD1FC6F363D9}"
EndProject
Project("{FAE04EC0-301F-11D3-BF4B-00C04F79EFBC}") = "SecondTraining", "SecondTraining\SecondTraining.csproj", "{BDA94FAF-19A1-4FC7-B66A-DC943463A836}"
EndProject
Global
	GlobalSection(SolutionConfigurationPlatforms) = preSolution
		Debug|Any CPU = Debug|Any CPU
		Release|Any CPU = Release|Any CPU
	EndGlobalSection
	GlobalSection(ProjectConfigurationPlatforms) = postSolution
		{8966B426-DD60-4627-B5D9-D4DAEBE801FB}.Debug|Any CPU.ActiveCfg = Debug|Any CPU
		{8966B426-DD60-4627-B5D9-D4DAEBE801FB}.Debug|Any CPU.Build.0 = Debug|Any CPU
		{8966B426-DD60-4627-B5D9-D4DAEBE801FB}.Release|Any CPU.ActiveCfg = Release|Any CPU
		{8966B426-DD60-4627-B5D9-D4DAEBE801FB}.Release|Any CPU.Build.0 = Release|Any CPU
		{FA1B4060-F5CC-49BF-B5DD-DD1FC6F363D9}.Debug|Any CPU.ActiveCfg = Debug|Any CPU
		{FA1B4060-F5CC-49BF-B5DD-DD1FC6F363D9}.Debug|Any CPU.Build.0 = Debug|Any CPU
		{FA1B4060-F5CC-49BF-B5DD-DD1FC6F363D9}.Release|Any CPU.ActiveCfg = Release|Any CPU
		{FA1B4060-F5CC-49BF-B5DD-DD1FC6F363D9}.Release|Any CPU.Build.0 = Release|Any CPU
		{BDA94FAF-19A1-4FC7-B66A-DC943463A836}.Debug|Any CPU.ActiveCfg = Debug|Any CPU
		{BDA94FAF-19A1-4FC7-B66A-DC943463A836}.Debug|Any CPU.Build.0 = Debug|Any CPU
		{BDA94FAF-19A1-4FC7-B66A-DC943463A836}.Release|Any CPU.ActiveCfg = Release|Any CPU
		{BDA94FAF-19A1-4FC7-B66A-DC943463A836}.Release|Any CPU.Build.0 = Release|Any CPU
	EndGlobalSection
	GlobalSection(SolutionProperties) = preSolution
		HideSolutionNode = FALSE
	EndGlobalSection
	GlobalSection(ExtensibilityGlobals) = postSolution
		SolutionGuid = {423E2B4E-3655-4F51-AEFF-9A7798123BF0}
	EndGlobalSection
EndGlobal
